// !$*UTF8*$!
{
	archiveVersion = 1;
	classes = {
	};
	objectVersion = 63;
	objects = {

/* Begin PBXBuildFile section */
		BA6E399E2BC71F5000246201 /* AppDelegate.swift in Sources */ = {isa = PBXBuildFile; fileRef = BA6E399D2BC71F5000246201 /* AppDelegate.swift */; };
		BA6E39A02BC71F5000246201 /* SceneDelegate.swift in Sources */ = {isa = PBXBuildFile; fileRef = BA6E399F2BC71F5000246201 /* SceneDelegate.swift */; };
		BA6E39A22BC71F5000246201 /* ViewController.swift in Sources */ = {isa = PBXBuildFile; fileRef = BA6E39A12BC71F5000246201 /* ViewController.swift */; };
		BA6E39A52BC71F5000246201 /* Base in Resources */ = {isa = PBXBuildFile; fileRef = BA6E39A42BC71F5000246201 /* Base */; };
		BA6E39A72BC71F5200246201 /* Assets.xcassets in Resources */ = {isa = PBXBuildFile; fileRef = BA6E39A62BC71F5200246201 /* Assets.xcassets */; };
		BA6E39AA2BC71F5200246201 /* Base in Resources */ = {isa = PBXBuildFile; fileRef = BA6E39A92BC71F5200246201 /* Base */; };
		BA7406DF2BD6E69900BA7C12 /* Shape.swift in Sources */ = {isa = PBXBuildFile; fileRef = BA7406DE2BD6E69800BA7C12 /* Shape.swift */; };
		BA7406E12BD6E6A200BA7C12 /* ShapeScene.swift in Sources */ = {isa = PBXBuildFile; fileRef = BA7406E02BD6E6A200BA7C12 /* ShapeScene.swift */; };
		BA7406E32BD6ECAE00BA7C12 /* Utilities.swift in Sources */ = {isa = PBXBuildFile; fileRef = BA7406E22BD6ECAE00BA7C12 /* Utilities.swift */; };
		BA7406E52BD6EDB300BA7C12 /* Color.swift in Sources */ = {isa = PBXBuildFile; fileRef = BA7406E42BD6EDB300BA7C12 /* Color.swift */; };
		BA94C6792BCDB78F00CA90F3 /* Main.storyboard in Resources */ = {isa = PBXBuildFile; fileRef = BA6E39A32BC71F5000246201 /* Main.storyboard */; };
/* End PBXBuildFile section */

/* Begin PBXFileReference section */
		BA6E399A2BC71F5000246201 /* Assignment #2.app */ = {isa = PBXFileReference; explicitFileType = wrapper.application; includeInIndex = 0; path = "Assignment #2.app"; sourceTree = BUILT_PRODUCTS_DIR; };
		BA6E399D2BC71F5000246201 /* AppDelegate.swift */ = {isa = PBXFileReference; lastKnownFileType = sourcecode.swift; path = AppDelegate.swift; sourceTree = "<group>"; };
		BA6E399F2BC71F5000246201 /* SceneDelegate.swift */ = {isa = PBXFileReference; lastKnownFileType = sourcecode.swift; path = SceneDelegate.swift; sourceTree = "<group>"; };
		BA6E39A12BC71F5000246201 /* ViewController.swift */ = {isa = PBXFileReference; lastKnownFileType = sourcecode.swift; path = ViewController.swift; sourceTree = "<group>"; };
		BA6E39A42BC71F5000246201 /* Base */ = {isa = PBXFileReference; lastKnownFileType = file.storyboard; name = Base; path = Base.lproj/Main.storyboard; sourceTree = "<group>"; };
		BA6E39A62BC71F5200246201 /* Assets.xcassets */ = {isa = PBXFileReference; lastKnownFileType = folder.assetcatalog; path = Assets.xcassets; sourceTree = "<group>"; };
		BA6E39A92BC71F5200246201 /* Base */ = {isa = PBXFileReference; lastKnownFileType = file.storyboard; name = Base; path = Base.lproj/LaunchScreen.storyboard; sourceTree = "<group>"; };
		BA6E39AB2BC71F5200246201 /* Info.plist */ = {isa = PBXFileReference; lastKnownFileType = text.plist.xml; path = Info.plist; sourceTree = "<group>"; };
		BA7406DE2BD6E69800BA7C12 /* Shape.swift */ = {isa = PBXFileReference; fileEncoding = 4; lastKnownFileType = sourcecode.swift; path = Shape.swift; sourceTree = "<group>"; };
		BA7406E02BD6E6A200BA7C12 /* ShapeScene.swift */ = {isa = PBXFileReference; fileEncoding = 4; lastKnownFileType = sourcecode.swift; path = ShapeScene.swift; sourceTree = "<group>"; };
		BA7406E22BD6ECAE00BA7C12 /* Utilities.swift */ = {isa = PBXFileReference; fileEncoding = 4; lastKnownFileType = sourcecode.swift; path = Utilities.swift; sourceTree = "<group>"; };
		BA7406E42BD6EDB300BA7C12 /* Color.swift */ = {isa = PBXFileReference; fileEncoding = 4; lastKnownFileType = sourcecode.swift; path = Color.swift; sourceTree = "<group>"; };
/* End PBXFileReference section */

/* Begin PBXFrameworksBuildPhase section */
		BA6E39972BC71F5000246201 /* Frameworks */ = {
			isa = PBXFrameworksBuildPhase;
			buildActionMask = 2147483647;
			files = (
			);
			runOnlyForDeploymentPostprocessing = 0;
		};
/* End PBXFrameworksBuildPhase section */

/* Begin PBXGroup section */
		BA6E39912BC71F5000246201 = {
			isa = PBXGroup;
			children = (
				BA6E399C2BC71F5000246201 /* Assignment #2 */,
				BA6E399B2BC71F5000246201 /* Products */,
			);
			sourceTree = "<group>";
		};
		BA6E399B2BC71F5000246201 /* Products */ = {
			isa = PBXGroup;
			children = (
				BA6E399A2BC71F5000246201 /* Assignment #2.app */,
			);
			name = Products;
			sourceTree = "<group>";
		};
		BA6E399C2BC71F5000246201 /* Assignment #2 */ = {
			isa = PBXGroup;
			children = (
				BA6E399D2BC71F5000246201 /* AppDelegate.swift */,
				BA6E399F2BC71F5000246201 /* SceneDelegate.swift */,
				BA6E39A12BC71F5000246201 /* ViewController.swift */,
				BA7406E02BD6E6A200BA7C12 /* ShapeScene.swift */,
				BA7406DE2BD6E69800BA7C12 /* Shape.swift */,
				BA7406E42BD6EDB300BA7C12 /* Color.swift */,
				BA7406E22BD6ECAE00BA7C12 /* Utilities.swift */,
				BA6E39A32BC71F5000246201 /* Main.storyboard */,
				BA6E39A62BC71F5200246201 /* Assets.xcassets */,
				BA6E39A82BC71F5200246201 /* LaunchScreen.storyboard */,
				BA6E39AB2BC71F5200246201 /* Info.plist */,
			);
			path = "Assignment #2";
			sourceTree = "<group>";
		};
/* End PBXGroup section */

/* Begin PBXNativeTarget section */
		BA6E39992BC71F5000246201 /* Assignment #2 */ = {
			isa = PBXNativeTarget;
			buildConfigurationList = BA6E39AE2BC71F5200246201 /* Build configuration list for PBXNativeTarget "Assignment #2" */;
			buildPhases = (
				BA6E39962BC71F5000246201 /* Sources */,
				BA6E39972BC71F5000246201 /* Frameworks */,
				BA6E39982BC71F5000246201 /* Resources */,
			);
			buildRules = (
			);
			dependencies = (
			);
			name = "Assignment #2";
			productName = "Assignment #2";
			productReference = BA6E399A2BC71F5000246201 /* Assignment #2.app */;
			productType = "com.apple.product-type.application";
		};
/* End PBXNativeTarget section */

/* Begin PBXProject section */
		BA6E39922BC71F5000246201 /* Project object */ = {
			isa = PBXProject;
			attributes = {
				BuildIndependentTargetsInParallel = 1;
				LastSwiftUpdateCheck = 1530;
				LastUpgradeCheck = 1530;
				TargetAttributes = {
					BA6E39992BC71F5000246201 = {
						CreatedOnToolsVersion = 15.3;
					};
				};
			};
			buildConfigurationList = BA6E39952BC71F5000246201 /* Build configuration list for PBXProject "Assignment #2" */;
			compatibilityVersion = "Xcode 15.3";
			developmentRegion = en;
			hasScannedForEncodings = 0;
			knownRegions = (
				en,
				Base,
			);
			mainGroup = BA6E39912BC71F5000246201;
			productRefGroup = BA6E399B2BC71F5000246201 /* Products */;
			projectDirPath = "";
			projectRoot = "";
			targets = (
				BA6E39992BC71F5000246201 /* Assignment #2 */,
			);
		};
/* End PBXProject section */

/* Begin PBXResourcesBuildPhase section */
		BA6E39982BC71F5000246201 /* Resources */ = {
			isa = PBXResourcesBuildPhase;
			buildActionMask = 2147483647;
			files = (
				BA6E39A72BC71F5200246201 /* Assets.xcassets in Resources */,
				BA6E39AA2BC71F5200246201 /* Base in Resources */,
				BA6E39A52BC71F5000246201 /* Base in Resources */,
				BA94C6792BCDB78F00CA90F3 /* Main.storyboard in Resources */,
			);
			runOnlyForDeploymentPostprocessing = 0;
		};
/* End PBXResourcesBuildPhase section */

/* Begin PBXSourcesBuildPhase section */
		BA6E39962BC71F5000246201 /* Sources */ = {
			isa = PBXSourcesBuildPhase;
			buildActionMask = 2147483647;
			files = (
				BA7406DF2BD6E69900BA7C12 /* Shape.swift in Sources */,
				BA7406E32BD6ECAE00BA7C12 /* Utilities.swift in Sources */,
				BA6E39A22BC71F5000246201 /* ViewController.swift in Sources */,
				BA6E399E2BC71F5000246201 /* AppDelegate.swift in Sources */,
				BA7406E52BD6EDB300BA7C12 /* Color.swift in Sources */,
				BA7406E12BD6E6A200BA7C12 /* ShapeScene.swift in Sources */,
				BA6E39A02BC71F5000246201 /* SceneDelegate.swift in Sources */,
			);
			runOnlyForDeploymentPostprocessing = 0;
		};
/* End PBXSourcesBuildPhase section */

/* Begin PBXVariantGroup section */
		BA6E39A32BC71F5000246201 /* Main.storyboard */ = {
			isa = PBXVariantGroup;
			children = (
				BA6E39A42BC71F5000246201 /* Base */,
			);
			name = Main.storyboard;
			sourceTree = "<group>";
		};
		BA6E39A82BC71F5200246201 /* LaunchScreen.storyboard */ = {
			isa = PBXVariantGroup;
			children = (
				BA6E39A92BC71F5200246201 /* Base */,
			);
			name = LaunchScreen.storyboard;
			sourceTree = "<group>";
		};
/* End PBXVariantGroup section */

/* Begin XCBuildConfiguration section */
		BA6E39AC2BC71F5200246201 /* Debug */ = {
			isa = XCBuildConfiguration;
			buildSettings = {
				ALWAYS_SEARCH_USER_PATHS = NO;
				ASSETCATALOG_COMPILER_GENERATE_SWIFT_ASSET_SYMBOL_EXTENSIONS = YES;
				CLANG_ANALYZER_NONNULL = YES;
				CLANG_ANALYZER_NUMBER_OBJECT_CONVERSION = YES_AGGRESSIVE;
				CLANG_CXX_LANGUAGE_STANDARD = "gnu++20";
				CLANG_ENABLE_MODULES = YES;
				CLANG_ENABLE_OBJC_ARC = YES;
				CLANG_ENABLE_OBJC_WEAK = YES;
				CLANG_WARN_BLOCK_CAPTURE_AUTORELEASING = YES;
				CLANG_WARN_BOOL_CONVERSION = YES;
				CLANG_WARN_COMMA = YES;
				CLANG_WARN_CONSTANT_CONVERSION = YES;
				CLANG_WARN_DEPRECATED_OBJC_IMPLEMENTATIONS = YES;
				CLANG_WARN_DIRECT_OBJC_ISA_USAGE = YES_ERROR;
				CLANG_WARN_DOCUMENTATION_COMMENTS = YES;
				CLANG_WARN_EMPTY_BODY = YES;
				CLANG_WARN_ENUM_CONVERSION = YES;
				CLANG_WARN_INFINITE_RECURSION = YES;
				CLANG_WARN_INT_CONVERSION = YES;
				CLANG_WARN_NON_LITERAL_NULL_CONVERSION = YES;
				CLANG_WARN_OBJC_IMPLICIT_RETAIN_SELF = YES;
				CLANG_WARN_OBJC_LITERAL_CONVERSION = YES;
				CLANG_WARN_OBJC_ROOT_CLASS = YES_ERROR;
				CLANG_WARN_QUOTED_INCLUDE_IN_FRAMEWORK_HEADER = YES;
				CLANG_WARN_RANGE_LOOP_ANALYSIS = YES;
				CLANG_WARN_STRICT_PROTOTYPES = YES;
				CLANG_WARN_SUSPICIOUS_MOVE = YES;
				CLANG_WARN_UNGUARDED_AVAILABILITY = YES_AGGRESSIVE;
				CLANG_WARN_UNREACHABLE_CODE = YES;
				CLANG_WARN__DUPLICATE_METHOD_MATCH = YES;
				COPY_PHASE_STRIP = NO;
				DEBUG_INFORMATION_FORMAT = dwarf;
				ENABLE_STRICT_OBJC_MSGSEND = YES;
				ENABLE_TESTABILITY = YES;
				ENABLE_USER_SCRIPT_SANDBOXING = YES;
				GCC_C_LANGUAGE_STANDARD = gnu17;
				GCC_DYNAMIC_NO_PIC = NO;
				GCC_NO_COMMON_BLOCKS = YES;
				GCC_OPTIMIZATION_LEVEL = 0;
				GCC_PREPROCESSOR_DEFINITIONS = (
					"DEBUG=1",
					"$(inherited)",
				);
				GCC_WARN_64_TO_32_BIT_CONVERSION = YES;
				GCC_WARN_ABOUT_RETURN_TYPE = YES_ERROR;
				GCC_WARN_UNDECLARED_SELECTOR = YES;
				GCC_WARN_UNINITIALIZED_AUTOS = YES_AGGRESSIVE;
				GCC_WARN_UNUSED_FUNCTION = YES;
				GCC_WARN_UNUSED_VARIABLE = YES;
				IPHONEOS_DEPLOYMENT_TARGET = 17.4;
				LOCALIZATION_PREFERS_STRING_CATALOGS = YES;
				MTL_ENABLE_DEBUG_INFO = INCLUDE_SOURCE;
				MTL_FAST_MATH = YES;
				ONLY_ACTIVE_ARCH = YES;
				SDKROOT = iphoneos;
				SWIFT_ACTIVE_COMPILATION_CONDITIONS = "DEBUG $(inherited)";
				SWIFT_OPTIMIZATION_LEVEL = "-Onone";
			};
			name = Debug;
		};
		BA6E39AD2BC71F5200246201 /* Release */ = {
			isa = XCBuildConfiguration;
			buildSettings = {
				ALWAYS_SEARCH_USER_PATHS = NO;
				ASSETCATALOG_COMPILER_GENERATE_SWIFT_ASSET_SYMBOL_EXTENSIONS = YES;
				CLANG_ANALYZER_NONNULL = YES;
				CLANG_ANALYZER_NUMBER_OBJECT_CONVERSION = YES_AGGRESSIVE;
				CLANG_CXX_LANGUAGE_STANDARD = "gnu++20";
				CLANG_ENABLE_MODULES = YES;
				CLANG_ENABLE_OBJC_ARC = YES;
				CLANG_ENABLE_OBJC_WEAK = YES;
				CLANG_WARN_BLOCK_CAPTURE_AUTORELEASING = YES;
				CLANG_WARN_BOOL_CONVERSION = YES;
				CLANG_WARN_COMMA = YES;
				CLANG_WARN_CONSTANT_CONVERSION = YES;
				CLANG_WARN_DEPRECATED_OBJC_IMPLEMENTATIONS = YES;
				CLANG_WARN_DIRECT_OBJC_ISA_USAGE = YES_ERROR;
				CLANG_WARN_DOCUMENTATION_COMMENTS = YES;
				CLANG_WARN_EMPTY_BODY = YES;
				CLANG_WARN_ENUM_CONVERSION = YES;
				CLANG_WARN_INFINITE_RECURSION = YES;
				CLANG_WARN_INT_CONVERSION = YES;
				CLANG_WARN_NON_LITERAL_NULL_CONVERSION = YES;
				CLANG_WARN_OBJC_IMPLICIT_RETAIN_SELF = YES;
				CLANG_WARN_OBJC_LITERAL_CONVERSION = YES;
				CLANG_WARN_OBJC_ROOT_CLASS = YES_ERROR;
				CLANG_WARN_QUOTED_INCLUDE_IN_FRAMEWORK_HEADER = YES;
				CLANG_WARN_RANGE_LOOP_ANALYSIS = YES;
				CLANG_WARN_STRICT_PROTOTYPES = YES;
				CLANG_WARN_SUSPICIOUS_MOVE = YES;
				CLANG_WARN_UNGUARDED_AVAILABILITY = YES_AGGRESSIVE;
				CLANG_WARN_UNREACHABLE_CODE = YES;
				CLANG_WARN__DUPLICATE_METHOD_MATCH = YES;
				COPY_PHASE_STRIP = NO;
				DEBUG_INFORMATION_FORMAT = "dwarf-with-dsym";
				ENABLE_NS_ASSERTIONS = NO;
				ENABLE_STRICT_OBJC_MSGSEND = YES;
				ENABLE_USER_SCRIPT_SANDBOXING = YES;
				GCC_C_LANGUAGE_STANDARD = gnu17;
				GCC_NO_COMMON_BLOCKS = YES;
				GCC_WARN_64_TO_32_BIT_CONVERSION = YES;
				GCC_WARN_ABOUT_RETURN_TYPE = YES_ERROR;
				GCC_WARN_UNDECLARED_SELECTOR = YES;
				GCC_WARN_UNINITIALIZED_AUTOS = YES_AGGRESSIVE;
				GCC_WARN_UNUSED_FUNCTION = YES;
				GCC_WARN_UNUSED_VARIABLE = YES;
				IPHONEOS_DEPLOYMENT_TARGET = 17.4;
				LOCALIZATION_PREFERS_STRING_CATALOGS = YES;
				MTL_ENABLE_DEBUG_INFO = NO;
				MTL_FAST_MATH = YES;
				SDKROOT = iphoneos;
				SWIFT_COMPILATION_MODE = wholemodule;
				VALIDATE_PRODUCT = YES;
			};
			name = Release;
		};
		BA6E39AF2BC71F5200246201 /* Debug */ = {
			isa = XCBuildConfiguration;
			buildSettings = {
				ASSETCATALOG_COMPILER_APPICON_NAME = AppIcon;
				ASSETCATALOG_COMPILER_GLOBAL_ACCENT_COLOR_NAME = AccentColor;
				CODE_SIGN_STYLE = Automatic;
				CURRENT_PROJECT_VERSION = 1;
				DEVELOPMENT_TEAM = 2C82CV9AC6;
				GENERATE_INFOPLIST_FILE = YES;
				INFOPLIST_FILE = "Assignment #2/Info.plist";
				INFOPLIST_KEY_UIApplicationSupportsIndirectInputEvents = YES;
				INFOPLIST_KEY_UILaunchStoryboardName = LaunchScreen;
				INFOPLIST_KEY_UIMainStoryboardFile = Main;
				INFOPLIST_KEY_UISupportedInterfaceOrientations_iPad = "UIInterfaceOrientationPortrait UIInterfaceOrientationPortraitUpsideDown UIInterfaceOrientationLandscapeLeft UIInterfaceOrientationLandscapeRight";
				INFOPLIST_KEY_UISupportedInterfaceOrientations_iPhone = "UIInterfaceOrientationPortrait UIInterfaceOrientationLandscapeLeft UIInterfaceOrientationLandscapeRight";
				LD_RUNPATH_SEARCH_PATHS = (
					"$(inherited)",
					"@executable_path/Frameworks",
				);
				MARKETING_VERSION = 1.0;
				PRODUCT_BUNDLE_IDENTIFIER = "app.Assignment--2";
				PRODUCT_NAME = "$(TARGET_NAME)";
				SWIFT_EMIT_LOC_STRINGS = YES;
				SWIFT_VERSION = 5.0;
				TARGETED_DEVICE_FAMILY = "1,2";
			};
			name = Debug;
		};
		BA6E39B02BC71F5200246201 /* Release */ = {
			isa = XCBuildConfiguration;
			buildSettings = {
				ASSETCATALOG_COMPILER_APPICON_NAME = AppIcon;
				ASSETCATALOG_COMPILER_GLOBAL_ACCENT_COLOR_NAME = AccentColor;
				CODE_SIGN_STYLE = Automatic;
				CURRENT_PROJECT_VERSION = 1;
				DEVELOPMENT_TEAM = 2C82CV9AC6;
				GENERATE_INFOPLIST_FILE = YES;
				INFOPLIST_FILE = "Assignment #2/Info.plist";
				INFOPLIST_KEY_UIApplicationSupportsIndirectInputEvents = YES;
				INFOPLIST_KEY_UILaunchStoryboardName = LaunchScreen;
				INFOPLIST_KEY_UIMainStoryboardFile = Main;
				INFOPLIST_KEY_UISupportedInterfaceOrientations_iPad = "UIInterfaceOrientationPortrait UIInterfaceOrientationPortraitUpsideDown UIInterfaceOrientationLandscapeLeft UIInterfaceOrientationLandscapeRight";
				INFOPLIST_KEY_UISupportedInterfaceOrientations_iPhone = "UIInterfaceOrientationPortrait UIInterfaceOrientationLandscapeLeft UIInterfaceOrientationLandscapeRight";
				LD_RUNPATH_SEARCH_PATHS = (
					"$(inherited)",
					"@executable_path/Frameworks",
				);
				MARKETING_VERSION = 1.0;
				PRODUCT_BUNDLE_IDENTIFIER = "app.Assignment--2";
				PRODUCT_NAME = "$(TARGET_NAME)";
				SWIFT_EMIT_LOC_STRINGS = YES;
				SWIFT_VERSION = 5.0;
				TARGETED_DEVICE_FAMILY = "1,2";
			};
			name = Release;
		};
/* End XCBuildConfiguration section */

/* Begin XCConfigurationList section */
		BA6E39952BC71F5000246201 /* Build configuration list for PBXProject "Assignment #2" */ = {
			isa = XCConfigurationList;
			buildConfigurations = (
				BA6E39AC2BC71F5200246201 /* Debug */,
				BA6E39AD2BC71F5200246201 /* Release */,
			);
			defaultConfigurationIsVisible = 0;
			defaultConfigurationName = Release;
		};
		BA6E39AE2BC71F5200246201 /* Build configuration list for PBXNativeTarget "Assignment #2" */ = {
			isa = XCConfigurationList;
			buildConfigurations = (
				BA6E39AF2BC71F5200246201 /* Debug */,
				BA6E39B02BC71F5200246201 /* Release */,
			);
			defaultConfigurationIsVisible = 0;
			defaultConfigurationName = Release;
		};
/* End XCConfigurationList section */
	};
	rootObject = BA6E39922BC71F5000246201 /* Project object */;
}
